
Microsoft Visual Studio Solution File, Format Version 12.00
# Visual Studio Version 16
VisualStudioVersion = 16.0.32407.337
MinimumVisualStudioVersion = 10.0.40219.1
Project("{FAE04EC0-301F-11D3-BF4B-00C04F79EFBC}") = "QLVT", "QLVT\QLVT.csproj", "{5318988E-DA47-4D3D-81BA-F2C59321E4FB}"
EndProject
Global
	GlobalSection(SolutionConfigurationPlatforms) = preSolution
		Debug|Any CPU = Debug|Any CPU
		Release|Any CPU = Release|Any CPU
	EndGlobalSection
	GlobalSection(ProjectConfigurationPlatforms) = postSolution
		{5318988E-DA47-4D3D-81BA-F2C59321E4FB}.Debug|Any CPU.ActiveCfg = Debug|Any CPU
		{5318988E-DA47-4D3D-81BA-F2C59321E4FB}.Debug|Any CPU.Build.0 = Debug|Any CPU
		{5318988E-DA47-4D3D-81BA-F2C59321E4FB}.Release|Any CPU.ActiveCfg = Release|Any CPU
		{5318988E-DA47-4D3D-81BA-F2C59321E4FB}.Release|Any CPU.Build.0 = Release|Any CPU
	EndGlobalSection
	GlobalSection(SolutionProperties) = preSolution
		HideSolutionNode = FALSE
	EndGlobalSection
	GlobalSection(ExtensibilityGlobals) = postSolution
		SolutionGuid = {2B8A39F2-5D50-4FD9-8F81-EDE22A19D89A}
	EndGlobalSection
EndGlobal
